PODS:
  - Flutter (1.0.0)
  - WeScan (1.7.0)

DEPENDENCIES:
  - Flutter (from `Flutter`)
  - WeScan (>= 0.9)

SPEC REPOS:
  trunk:
    - WeScan

EXTERNAL SOURCES:
  Flutter:
    :path: Flutter

SPEC CHECKSUMS:
  Flutter: 434fef37c0980e73bb6479ef766c45957d4b510c
  WeScan: fed582f6c38014d529afb5aa9ffd1bad38fc72b7

PODFILE CHECKSUM: 99f757b576d53f28f453ab1e7b57e3bb29ea2554

COCOAPODS: 1.10.0
